// !$*UTF8*$!
{
	archiveVersion = 1;
	classes = {
	};
	objectVersion = 46;
	objects = {

/* Begin PBXBuildFile section */
		BE6E24D915B7156A0011E0FA /* UIKit.framework in Frameworks */ = {isa = PBXBuildFile; fileRef = BE6E24D815B7156A0011E0FA /* UIKit.framework */; };
		BE6E24DB15B7156A0011E0FA /* Foundation.framework in Frameworks */ = {isa = PBXBuildFile; fileRef = BE6E24DA15B7156A0011E0FA /* Foundation.framework */; };
		BE6E24DD15B7156A0011E0FA /* CoreGraphics.framework in Frameworks */ = {isa = PBXBuildFile; fileRef = BE6E24DC15B7156A0011E0FA /* CoreGraphics.framework */; };
		BE6E24E315B7156A0011E0FA /* InfoPlist.strings in Resources */ = {isa = PBXBuildFile; fileRef = BE6E24E115B7156A0011E0FA /* InfoPlist.strings */; };
		BE6E24E515B7156A0011E0FA /* main.m in Sources */ = {isa = PBXBuildFile; fileRef = BE6E24E415B7156A0011E0FA /* main.m */; };
		BE6E24E915B7156A0011E0FA /* AppDelegate.m in Sources */ = {isa = PBXBuildFile; fileRef = BE6E24E815B7156A0011E0FA /* AppDelegate.m */; };
		BE6E24EC15B7156A0011E0FA /* ViewController.m in Sources */ = {isa = PBXBuildFile; fileRef = BE6E24EB15B7156A0011E0FA /* ViewController.m */; };
		BE6E24EF15B7156A0011E0FA /* ViewController.xib in Resources */ = {isa = PBXBuildFile; fileRef = BE6E24ED15B7156A0011E0FA /* ViewController.xib */; };
/* End PBXBuildFile section */

/* Begin PBXFileReference section */
		BE6E24D415B7156A0011E0FA /* TestGitHub.app */ = {isa = PBXFileReference; explicitFileType = wrapper.application; includeInIndex = 0; path = TestGitHub.app; sourceTree = BUILT_PRODUCTS_DIR; };
		BE6E24D815B7156A0011E0FA /* UIKit.framework */ = {isa = PBXFileReference; lastKnownFileType = wrapper.framework; name = UIKit.framework; path = System/Library/Frameworks/UIKit.framework; sourceTree = SDKROOT; };
		BE6E24DA15B7156A0011E0FA /* Foundation.framework */ = {isa = PBXFileReference; lastKnownFileType = wrapper.framework; name = Foundation.framework; path = System/Library/Frameworks/Foundation.framework; sourceTree = SDKROOT; };
		BE6E24DC15B7156A0011E0FA /* CoreGraphics.framework */ = {isa = PBXFileReference; lastKnownFileType = wrapper.framework; name = CoreGraphics.framework; path = System/Library/Frameworks/CoreGraphics.framework; sourceTree = SDKROOT; };
		BE6E24E015B7156A0011E0FA /* TestGitHub-Info.plist */ = {isa = PBXFileReference; path = "TestGitHub-Info.plist"; sourceTree = "<group>"; };
		BE6E24E215B7156A0011E0FA /* en */ = {isa = PBXFileReference; lastKnownFileType = text.plist.strings; name = en; path = en.lproj/InfoPlist.strings; sourceTree = "<group>"; };
		BE6E24E415B7156A0011E0FA /* main.m */ = {isa = PBXFileReference; lastKnownFileType = sourcecode.c.objc; path = main.m; sourceTree = "<group>"; };
		BE6E24E615B7156A0011E0FA /* TestGitHub-Prefix.pch */ = {isa = PBXFileReference; path = "TestGitHub-Prefix.pch"; sourceTree = "<group>"; };
		BE6E24E715B7156A0011E0FA /* AppDelegate.h */ = {isa = PBXFileReference; path = AppDelegate.h; sourceTree = "<group>"; };
		BE6E24E815B7156A0011E0FA /* AppDelegate.m */ = {isa = PBXFileReference; lastKnownFileType = sourcecode.c.objc; path = AppDelegate.m; sourceTree = "<group>"; };
		BE6E24EA15B7156A0011E0FA /* ViewController.h */ = {isa = PBXFileReference; path = ViewController.h; sourceTree = "<group>"; };
		BE6E24EB15B7156A0011E0FA /* ViewController.m */ = {isa = PBXFileReference; lastKnownFileType = sourcecode.c.objc; path = ViewController.m; sourceTree = "<group>"; };
		BE6E24EE15B7156A0011E0FA /* en */ = {isa = PBXFileReference; lastKnownFileType = file.xib; name = en; path = en.lproj/ViewController.xib; sourceTree = "<group>"; };
/* End PBXFileReference section */

/* Begin PBXFrameworksBuildPhase section */
		BE6E24D115B7156A0011E0FA /* Frameworks */ = {
			isa = PBXFrameworksBuildPhase;
			buildActionMask = 2147483647;
			files = (
				BE6E24D915B7156A0011E0FA /* UIKit.framework in Frameworks */,
				BE6E24DB15B7156A0011E0FA /* Foundation.framework in Frameworks */,
				BE6E24DD15B7156A0011E0FA /* CoreGraphics.framework in Frameworks */,
			);
			runOnlyForDeploymentPostprocessing = 0;
		};
/* End PBXFrameworksBuildPhase section */

/* Begin PBXGroup section */
		BE6E24C915B7156A0011E0FA = {
			isa = PBXGroup;
			children = (
				BE6E24DE15B7156A0011E0FA /* TestGitHub */,
				BE6E24D715B7156A0011E0FA /* Frameworks */,
				BE6E24D515B7156A0011E0FA /* Products */,
			);
			sourceTree = "<group>";
		};
		BE6E24D515B7156A0011E0FA /* Products */ = {
			isa = PBXGroup;
			children = (
				BE6E24D415B7156A0011E0FA /* TestGitHub.app */,
			);
			name = Products;
			sourceTree = "<group>";
		};
		BE6E24D715B7156A0011E0FA /* Frameworks */ = {
			isa = PBXGroup;
			children = (
				BE6E24D815B7156A0011E0FA /* UIKit.framework */,
				BE6E24DA15B7156A0011E0FA /* Foundation.framework */,
				BE6E24DC15B7156A0011E0FA /* CoreGraphics.framework */,
			);
			name = Frameworks;
			sourceTree = "<group>";
		};
		BE6E24DE15B7156A0011E0FA /* TestGitHub */ = {
			isa = PBXGroup;
			children = (
				BE6E24E715B7156A0011E0FA /* AppDelegate.h */,
				BE6E24E815B7156A0011E0FA /* AppDelegate.m */,
				BE6E24EA15B7156A0011E0FA /* ViewController.h */,
				BE6E24EB15B7156A0011E0FA /* ViewController.m */,
				BE6E24ED15B7156A0011E0FA /* ViewController.xib */,
				BE6E24DF15B7156A0011E0FA /* Supporting Files */,
			);
			path = TestGitHub;
			sourceTree = "<group>";
		};
		BE6E24DF15B7156A0011E0FA /* Supporting Files */ = {
			isa = PBXGroup;
			children = (
				BE6E24E015B7156A0011E0FA /* TestGitHub-Info.plist */,
				BE6E24E115B7156A0011E0FA /* InfoPlist.strings */,
				BE6E24E415B7156A0011E0FA /* main.m */,
				BE6E24E615B7156A0011E0FA /* TestGitHub-Prefix.pch */,
			);
			name = "Supporting Files";
			sourceTree = "<group>";
		};
/* End PBXGroup section */

/* Begin PBXNativeTarget section */
		BE6E24D315B7156A0011E0FA /* TestGitHub */ = {
			isa = PBXNativeTarget;
			buildConfigurationList = BE6E24F215B7156A0011E0FA /* Build configuration list for PBXNativeTarget "TestGitHub" */;
			buildPhases = (
				BE6E24D015B7156A0011E0FA /* Sources */,
				BE6E24D115B7156A0011E0FA /* Frameworks */,
				BE6E24D215B7156A0011E0FA /* Resources */,
			);
			buildRules = (
			);
			dependencies = (
			);
			name = TestGitHub;
			productName = TestGitHub;
			productReference = BE6E24D415B7156A0011E0FA /* TestGitHub.app */;
			productType = "com.apple.product-type.application";
		};
/* End PBXNativeTarget section */

/* Begin PBXProject section */
		BE6E24CB15B7156A0011E0FA /* Project object */ = {
			isa = PBXProject;
			attributes = {
				LastUpgradeCheck = 0430;
			};
			buildConfigurationList = BE6E24CE15B7156A0011E0FA /* Build configuration list for PBXProject "TestGitHub" */;
			compatibilityVersion = "Xcode 3.2";
			developmentRegion = English;
			hasScannedForEncodings = 0;
			knownRegions = (
				en,
			);
			mainGroup = BE6E24C915B7156A0011E0FA;
			productRefGroup = BE6E24D515B7156A0011E0FA /* Products */;
			projectDirPath = "";
			projectRoot = "";
			targets = (
				BE6E24D315B7156A0011E0FA /* TestGitHub */,
			);
		};
/* End PBXProject section */

/* Begin PBXResourcesBuildPhase section */
		BE6E24D215B7156A0011E0FA /* Resources */ = {
			isa = PBXResourcesBuildPhase;
			buildActionMask = 2147483647;
			files = (
				BE6E24E315B7156A0011E0FA /* InfoPlist.strings in Resources */,
				BE6E24EF15B7156A0011E0FA /* ViewController.xib in Resources */,
			);
			runOnlyForDeploymentPostprocessing = 0;
		};
/* End PBXResourcesBuildPhase section */

/* Begin PBXSourcesBuildPhase section */
		BE6E24D015B7156A0011E0FA /* Sources */ = {
			isa = PBXSourcesBuildPhase;
			buildActionMask = 2147483647;
			files = (
				BE6E24E515B7156A0011E0FA /* main.m in Sources */,
				BE6E24E915B7156A0011E0FA /* AppDelegate.m in Sources */,
				BE6E24EC15B7156A0011E0FA /* ViewController.m in Sources */,
			);
			runOnlyForDeploymentPostprocessing = 0;
		};
/* End PBXSourcesBuildPhase section */

/* Begin PBXVariantGroup section */
		BE6E24E115B7156A0011E0FA /* InfoPlist.strings */ = {
			isa = PBXVariantGroup;
			children = (
				BE6E24E215B7156A0011E0FA /* en */,
			);
			name = InfoPlist.strings;
			sourceTree = "<group>";
		};
		BE6E24ED15B7156A0011E0FA /* ViewController.xib */ = {
			isa = PBXVariantGroup;
			children = (
				BE6E24EE15B7156A0011E0FA /* en */,
			);
			name = ViewController.xib;
			sourceTree = "<group>";
		};
/* End PBXVariantGroup section */

/* Begin XCBuildConfiguration section */
		BE6E24F015B7156A0011E0FA /* Debug */ = {
			isa = XCBuildConfiguration;
			buildSettings = {
				ALWAYS_SEARCH_USER_PATHS = NO;
				ARCHS = "$(ARCHS_STANDARD_32_BIT)";
				CLANG_ENABLE_OBJC_ARC = YES;
				"CODE_SIGN_IDENTITY[sdk=iphoneos*]" = "iPhone Developer";
				COPY_PHASE_STRIP = NO;
				GCC_C_LANGUAGE_STANDARD = gnu99;
				GCC_DYNAMIC_NO_PIC = NO;
				GCC_OPTIMIZATION_LEVEL = 0;
				GCC_PREPROCESSOR_DEFINITIONS = (
					"DEBUG=1",
					"$(inherited)",
				);
				GCC_SYMBOLS_PRIVATE_EXTERN = NO;
				GCC_VERSION = com.apple.compilers.llvm.clang.1_0;
				GCC_WARN_ABOUT_RETURN_TYPE = YES;
				GCC_WARN_UNINITIALIZED_AUTOS = YES;
				GCC_WARN_UNUSED_VARIABLE = YES;
				IPHONEOS_DEPLOYMENT_TARGET = 5.1;
				SDKROOT = iphoneos;
			};
			name = Debug;
		};
		BE6E24F115B7156A0011E0FA /* Release */ = {
			isa = XCBuildConfiguration;
			buildSettings = {
				ALWAYS_SEARCH_USER_PATHS = NO;
				ARCHS = "$(ARCHS_STANDARD_32_BIT)";
				CLANG_ENABLE_OBJC_ARC = YES;
				"CODE_SIGN_IDENTITY[sdk=iphoneos*]" = "iPhone Developer";
				COPY_PHASE_STRIP = YES;
				GCC_C_LANGUAGE_STANDARD = gnu99;
				GCC_VERSION = com.apple.compilers.llvm.clang.1_0;
				GCC_WARN_ABOUT_RETURN_TYPE = YES;
				GCC_WARN_UNINITIALIZED_AUTOS = YES;
				GCC_WARN_UNUSED_VARIABLE = YES;
				IPHONEOS_DEPLOYMENT_TARGET = 5.1;
				OTHER_CFLAGS = "-DNS_BLOCK_ASSERTIONS=1";
				SDKROOT = iphoneos;
				VALIDATE_PRODUCT = YES;
			};
			name = Release;
		};
		BE6E24F315B7156A0011E0FA /* Debug */ = {
			isa = XCBuildConfiguration;
			buildSettings = {
				GCC_PRECOMPILE_PREFIX_HEADER = YES;
				GCC_PREFIX_HEADER = "TestGitHub/TestGitHub-Prefix.pch";
				INFOPLIST_FILE = "TestGitHub/TestGitHub-Info.plist";
				PRODUCT_NAME = "$(TARGET_NAME)";
				WRAPPER_EXTENSION = app;
			};
			name = Debug;
		};
		BE6E24F415B7156A0011E0FA /* Release */ = {
			isa = XCBuildConfiguration;
			buildSettings = {
				GCC_PRECOMPILE_PREFIX_HEADER = YES;
				GCC_PREFIX_HEADER = "TestGitHub/TestGitHub-Prefix.pch";
				INFOPLIST_FILE = "TestGitHub/TestGitHub-Info.plist";
				PRODUCT_NAME = "$(TARGET_NAME)";
				WRAPPER_EXTENSION = app;
			};
			name = Release;
		};
/* End XCBuildConfiguration section */

/* Begin XCConfigurationList section */
		BE6E24CE15B7156A0011E0FA /* Build configuration list for PBXProject "TestGitHub" */ = {
			isa = XCConfigurationList;
			buildConfigurations = (
				BE6E24F015B7156A0011E0FA /* Debug */,
				BE6E24F115B7156A0011E0FA /* Release */,
			);
			defaultConfigurationIsVisible = 0;
			defaultConfigurationName = Release;
		};
		BE6E24F215B7156A0011E0FA /* Build configuration list for PBXNativeTarget "TestGitHub" */ = {
			isa = XCConfigurationList;
			buildConfigurations = (
				BE6E24F315B7156A0011E0FA /* Debug */,
				BE6E24F415B7156A0011E0FA /* Release */,
			);
			defaultConfigurationIsVisible = 0;
		};
/* End XCConfigurationList section */
	};
	rootObject = BE6E24CB15B7156A0011E0FA /* Project object */;
}
